// !$*UTF8*$!
{
	archiveVersion = 1;
	classes = {
	};
	objectVersion = 46;
	objects = {

/* Begin PBXBuildFile section */
		4805109D1E793D2B003B4014 /* AppDelegate.swift in Sources */ = {isa = PBXBuildFile; fileRef = 4805109C1E793D2B003B4014 /* AppDelegate.swift */; };
		4805109F1E793D2B003B4014 /* LoginViewController.swift in Sources */ = {isa = PBXBuildFile; fileRef = 4805109E1E793D2B003B4014 /* LoginViewController.swift */; };
		480510A21E793D2B003B4014 /* Main.storyboard in Resources */ = {isa = PBXBuildFile; fileRef = 480510A01E793D2B003B4014 /* Main.storyboard */; };
		480510A41E793D2B003B4014 /* Assets.xcassets in Resources */ = {isa = PBXBuildFile; fileRef = 480510A31E793D2B003B4014 /* Assets.xcassets */; };
		480510A71E793D2B003B4014 /* LaunchScreen.storyboard in Resources */ = {isa = PBXBuildFile; fileRef = 480510A51E793D2B003B4014 /* LaunchScreen.storyboard */; };
		480510AF1E7952EB003B4014 /* HomeViewController.swift in Sources */ = {isa = PBXBuildFile; fileRef = 480510AE1E7952EB003B4014 /* HomeViewController.swift */; };
		480510B11E79B086003B4014 /* HomeButtonCell.swift in Sources */ = {isa = PBXBuildFile; fileRef = 480510B01E79B086003B4014 /* HomeButtonCell.swift */; };
		480510B31E79DABB003B4014 /* HomeButton.swift in Sources */ = {isa = PBXBuildFile; fileRef = 480510B21E79DABB003B4014 /* HomeButton.swift */; };
		481FBBBB1E803FE100184EF7 /* ExaminationDetailViewController.swift in Sources */ = {isa = PBXBuildFile; fileRef = 481FBBBA1E803FE100184EF7 /* ExaminationDetailViewController.swift */; };
		482802551E92C24F002C3665 /* MedicalExaminationCheckinKOCell.swift in Sources */ = {isa = PBXBuildFile; fileRef = 482802541E92C24F002C3665 /* MedicalExaminationCheckinKOCell.swift */; };
		482802571E92C36C002C3665 /* MedicalExaminationInformationCell.swift in Sources */ = {isa = PBXBuildFile; fileRef = 482802561E92C36C002C3665 /* MedicalExaminationInformationCell.swift */; };
		482802591E92C3F9002C3665 /* MedicalExaminationDescriptionCell.swift in Sources */ = {isa = PBXBuildFile; fileRef = 482802581E92C3F9002C3665 /* MedicalExaminationDescriptionCell.swift */; };
		4828025B1E92C44D002C3665 /* MedicalExaminationButtonCell.swift in Sources */ = {isa = PBXBuildFile; fileRef = 4828025A1E92C44D002C3665 /* MedicalExaminationButtonCell.swift */; };
		4852ABAF1E7E6F26005734A3 /* MedicalExaminationViewController.swift in Sources */ = {isa = PBXBuildFile; fileRef = 4852ABAE1E7E6F26005734A3 /* MedicalExaminationViewController.swift */; };
		4852ABB11E7E7449005734A3 /* TableViewSection.swift in Sources */ = {isa = PBXBuildFile; fileRef = 4852ABB01E7E7449005734A3 /* TableViewSection.swift */; };
		4852ABB31E7E7642005734A3 /* MedicalExaminationSectionData.swift in Sources */ = {isa = PBXBuildFile; fileRef = 4852ABB21E7E7642005734A3 /* MedicalExaminationSectionData.swift */; };
		486B7BC21EA222F500208BBD /* CafeteriaCell.swift in Sources */ = {isa = PBXBuildFile; fileRef = 486B7BC11EA222F500208BBD /* CafeteriaCell.swift */; };
		486C6EF91E7C54580036B363 /* UserDefaultsKeys.swift in Sources */ = {isa = PBXBuildFile; fileRef = 486C6EF81E7C54580036B363 /* UserDefaultsKeys.swift */; };
		486D55C51E94F08B00FD824C /* HomeInfoCell.swift in Sources */ = {isa = PBXBuildFile; fileRef = 486D55C41E94F08B00FD824C /* HomeInfoCell.swift */; };
		48933CB51E7BD2D00006C3D8 /* CafeteriaViewController.swift in Sources */ = {isa = PBXBuildFile; fileRef = 48933CB41E7BD2D00006C3D8 /* CafeteriaViewController.swift */; };
		48AF84B61EA785BA00B0A390 /* KalmanFilter.swift in Sources */ = {isa = PBXBuildFile; fileRef = 48AF84B51EA785BA00B0A390 /* KalmanFilter.swift */; };
		48C6EE5E1E83D044004F403B /* PrescriptionViewController.swift in Sources */ = {isa = PBXBuildFile; fileRef = 48C6EE5D1E83D044004F403B /* PrescriptionViewController.swift */; };
		48C6EE621E83E5CA004F403B /* Prescription.swift in Sources */ = {isa = PBXBuildFile; fileRef = 48C6EE611E83E5CA004F403B /* Prescription.swift */; };
		48C6EE641E83E902004F403B /* PrescriptionSectionData.swift in Sources */ = {isa = PBXBuildFile; fileRef = 48C6EE631E83E902004F403B /* PrescriptionSectionData.swift */; };
		48C6EE661E84139A004F403B /* NewsViewController.swift in Sources */ = {isa = PBXBuildFile; fileRef = 48C6EE651E84139A004F403B /* NewsViewController.swift */; };
		48C6EE681E84154B004F403B /* MapViewController.swift in Sources */ = {isa = PBXBuildFile; fileRef = 48C6EE671E84154B004F403B /* MapViewController.swift */; };
		48C6EE6A1E8415E8004F403B /* News.swift in Sources */ = {isa = PBXBuildFile; fileRef = 48C6EE691E8415E8004F403B /* News.swift */; };
		48C6EE6C1E8415FD004F403B /* NewsData.swift in Sources */ = {isa = PBXBuildFile; fileRef = 48C6EE6B1E8415FD004F403B /* NewsData.swift */; };
		48C6EE6E1E84162B004F403B /* NewsCell.swift in Sources */ = {isa = PBXBuildFile; fileRef = 48C6EE6D1E84162B004F403B /* NewsCell.swift */; };
		48CDE7141E7FCE8E00092D93 /* ExaminationDetail.swift in Sources */ = {isa = PBXBuildFile; fileRef = 48CDE7131E7FCE8E00092D93 /* ExaminationDetail.swift */; };
		48CDE7161E7FD10A00092D93 /* PointOfInterestDetail.swift in Sources */ = {isa = PBXBuildFile; fileRef = 48CDE7151E7FD10A00092D93 /* PointOfInterestDetail.swift */; };
		48D371F91E8120F2008E3A40 /* MedicalExaminationCheckinOKCell.swift in Sources */ = {isa = PBXBuildFile; fileRef = 48D371F81E8120F2008E3A40 /* MedicalExaminationCheckinOKCell.swift */; };
		48D371FB1E81267E008E3A40 /* InformationCell.swift in Sources */ = {isa = PBXBuildFile; fileRef = 48D371FA1E81267E008E3A40 /* InformationCell.swift */; };
		48D371FD1E812726008E3A40 /* Information.swift in Sources */ = {isa = PBXBuildFile; fileRef = 48D371FC1E812726008E3A40 /* Information.swift */; };
		48E536EF1E826CC600E03F77 /* POIViewController.swift in Sources */ = {isa = PBXBuildFile; fileRef = 48E536EE1E826CC600E03F77 /* POIViewController.swift */; };
		48E536F11E826D6F00E03F77 /* POIData.swift in Sources */ = {isa = PBXBuildFile; fileRef = 48E536F01E826D6F00E03F77 /* POIData.swift */; };
		48E536F31E826DB500E03F77 /* POIDetail.swift in Sources */ = {isa = PBXBuildFile; fileRef = 48E536F21E826DB500E03F77 /* POIDetail.swift */; };
		48E536F51E82879600E03F77 /* POIDetailViewController.swift in Sources */ = {isa = PBXBuildFile; fileRef = 48E536F41E82879600E03F77 /* POIDetailViewController.swift */; };
		48E536F91E82F98B00E03F77 /* TwoButtonsCell.swift in Sources */ = {isa = PBXBuildFile; fileRef = 48E536F81E82F98B00E03F77 /* TwoButtonsCell.swift */; };
		48E536FB1E82F9EC00E03F77 /* DescriptionCell.swift in Sources */ = {isa = PBXBuildFile; fileRef = 48E536FA1E82F9EC00E03F77 /* DescriptionCell.swift */; };
		48E7CCBF1E923B2C00103509 /* Colors.swift in Sources */ = {isa = PBXBuildFile; fileRef = 48E7CCBE1E923B2C00103509 /* Colors.swift */; };
		48EF81EC1EA79BAC0072F025 /* KalmanPosition.swift in Sources */ = {isa = PBXBuildFile; fileRef = 48EF81EB1EA79BAC0072F025 /* KalmanPosition.swift */; };
		48F2A1381E7A92F7002A8DC0 /* SettingsViewController.swift in Sources */ = {isa = PBXBuildFile; fileRef = 48F2A1371E7A92F7002A8DC0 /* SettingsViewController.swift */; };
		48F2A13A1E7A9A31002A8DC0 /* json in Resources */ = {isa = PBXBuildFile; fileRef = 48F2A1391E7A9A31002A8DC0 /* json */; };
		48F2A13C1E7A9C5B002A8DC0 /* SwiftyJSON.swift in Sources */ = {isa = PBXBuildFile; fileRef = 48F2A13B1E7A9C5B002A8DC0 /* SwiftyJSON.swift */; };
		48F949961EA207DE00C025EC /* CafeteriaData.swift in Sources */ = {isa = PBXBuildFile; fileRef = 48F949951EA207DE00C025EC /* CafeteriaData.swift */; };
		48F949981EA20B0900C025EC /* CafeteriaMenu.swift in Sources */ = {isa = PBXBuildFile; fileRef = 48F949971EA20B0900C025EC /* CafeteriaMenu.swift */; };
		E82A5A088EC896085745A61B /* Pods_Hospital.framework in Frameworks */ = {isa = PBXBuildFile; fileRef = 92D263509C2CC95FCD8A0029 /* Pods_Hospital.framework */; };
/* End PBXBuildFile section */

/* Begin PBXFileReference section */
		480510991E793D2B003B4014 /* Hospital.app */ = {isa = PBXFileReference; explicitFileType = wrapper.application; includeInIndex = 0; path = Hospital.app; sourceTree = BUILT_PRODUCTS_DIR; };
		4805109C1E793D2B003B4014 /* AppDelegate.swift */ = {isa = PBXFileReference; lastKnownFileType = sourcecode.swift; path = AppDelegate.swift; sourceTree = "<group>"; };
		4805109E1E793D2B003B4014 /* LoginViewController.swift */ = {isa = PBXFileReference; lastKnownFileType = sourcecode.swift; path = LoginViewController.swift; sourceTree = "<group>"; };
		480510A31E793D2B003B4014 /* Assets.xcassets */ = {isa = PBXFileReference; lastKnownFileType = folder.assetcatalog; path = Assets.xcassets; sourceTree = "<group>"; };
		480510A81E793D2B003B4014 /* Info.plist */ = {isa = PBXFileReference; lastKnownFileType = text.plist.xml; path = Info.plist; sourceTree = "<group>"; };
		480510AE1E7952EB003B4014 /* HomeViewController.swift */ = {isa = PBXFileReference; fileEncoding = 4; lastKnownFileType = sourcecode.swift; path = HomeViewController.swift; sourceTree = "<group>"; };
		480510B01E79B086003B4014 /* HomeButtonCell.swift */ = {isa = PBXFileReference; fileEncoding = 4; lastKnownFileType = sourcecode.swift; path = HomeButtonCell.swift; sourceTree = "<group>"; };
		480510B21E79DABB003B4014 /* HomeButton.swift */ = {isa = PBXFileReference; fileEncoding = 4; lastKnownFileType = sourcecode.swift; path = HomeButton.swift; sourceTree = "<group>"; };
		481FBBBA1E803FE100184EF7 /* ExaminationDetailViewController.swift */ = {isa = PBXFileReference; fileEncoding = 4; lastKnownFileType = sourcecode.swift; path = ExaminationDetailViewController.swift; sourceTree = "<group>"; };
		482802541E92C24F002C3665 /* MedicalExaminationCheckinKOCell.swift */ = {isa = PBXFileReference; fileEncoding = 4; lastKnownFileType = sourcecode.swift; path = MedicalExaminationCheckinKOCell.swift; sourceTree = "<group>"; };
		482802561E92C36C002C3665 /* MedicalExaminationInformationCell.swift */ = {isa = PBXFileReference; fileEncoding = 4; lastKnownFileType = sourcecode.swift; path = MedicalExaminationInformationCell.swift; sourceTree = "<group>"; };
		482802581E92C3F9002C3665 /* MedicalExaminationDescriptionCell.swift */ = {isa = PBXFileReference; fileEncoding = 4; lastKnownFileType = sourcecode.swift; path = MedicalExaminationDescriptionCell.swift; sourceTree = "<group>"; };
		4828025A1E92C44D002C3665 /* MedicalExaminationButtonCell.swift */ = {isa = PBXFileReference; fileEncoding = 4; lastKnownFileType = sourcecode.swift; path = MedicalExaminationButtonCell.swift; sourceTree = "<group>"; };
		4852ABAE1E7E6F26005734A3 /* MedicalExaminationViewController.swift */ = {isa = PBXFileReference; fileEncoding = 4; lastKnownFileType = sourcecode.swift; path = MedicalExaminationViewController.swift; sourceTree = "<group>"; };
		4852ABB01E7E7449005734A3 /* TableViewSection.swift */ = {isa = PBXFileReference; fileEncoding = 4; lastKnownFileType = sourcecode.swift; path = TableViewSection.swift; sourceTree = "<group>"; };
		4852ABB21E7E7642005734A3 /* MedicalExaminationSectionData.swift */ = {isa = PBXFileReference; fileEncoding = 4; lastKnownFileType = sourcecode.swift; path = MedicalExaminationSectionData.swift; sourceTree = "<group>"; };
		486B7BC11EA222F500208BBD /* CafeteriaCell.swift */ = {isa = PBXFileReference; fileEncoding = 4; lastKnownFileType = sourcecode.swift; path = CafeteriaCell.swift; sourceTree = "<group>"; };
		486C6EF81E7C54580036B363 /* UserDefaultsKeys.swift */ = {isa = PBXFileReference; fileEncoding = 4; lastKnownFileType = sourcecode.swift; path = UserDefaultsKeys.swift; sourceTree = "<group>"; };
		486D55C41E94F08B00FD824C /* HomeInfoCell.swift */ = {isa = PBXFileReference; fileEncoding = 4; lastKnownFileType = sourcecode.swift; path = HomeInfoCell.swift; sourceTree = "<group>"; };
		48933CB41E7BD2D00006C3D8 /* CafeteriaViewController.swift */ = {isa = PBXFileReference; fileEncoding = 4; lastKnownFileType = sourcecode.swift; path = CafeteriaViewController.swift; sourceTree = "<group>"; };
		48AF84B51EA785BA00B0A390 /* KalmanFilter.swift */ = {isa = PBXFileReference; fileEncoding = 4; lastKnownFileType = sourcecode.swift; path = KalmanFilter.swift; sourceTree = "<group>"; };
		48C6EE5D1E83D044004F403B /* PrescriptionViewController.swift */ = {isa = PBXFileReference; fileEncoding = 4; lastKnownFileType = sourcecode.swift; path = PrescriptionViewController.swift; sourceTree = "<group>"; };
		48C6EE611E83E5CA004F403B /* Prescription.swift */ = {isa = PBXFileReference; fileEncoding = 4; lastKnownFileType = sourcecode.swift; path = Prescription.swift; sourceTree = "<group>"; };
		48C6EE631E83E902004F403B /* PrescriptionSectionData.swift */ = {isa = PBXFileReference; fileEncoding = 4; lastKnownFileType = sourcecode.swift; path = PrescriptionSectionData.swift; sourceTree = "<group>"; };
		48C6EE651E84139A004F403B /* NewsViewController.swift */ = {isa = PBXFileReference; fileEncoding = 4; lastKnownFileType = sourcecode.swift; path = NewsViewController.swift; sourceTree = "<group>"; };
		48C6EE671E84154B004F403B /* MapViewController.swift */ = {isa = PBXFileReference; fileEncoding = 4; lastKnownFileType = sourcecode.swift; path = MapViewController.swift; sourceTree = "<group>"; };
		48C6EE691E8415E8004F403B /* News.swift */ = {isa = PBXFileReference; fileEncoding = 4; lastKnownFileType = sourcecode.swift; path = News.swift; sourceTree = "<group>"; };
		48C6EE6B1E8415FD004F403B /* NewsData.swift */ = {isa = PBXFileReference; fileEncoding = 4; lastKnownFileType = sourcecode.swift; path = NewsData.swift; sourceTree = "<group>"; };
		48C6EE6D1E84162B004F403B /* NewsCell.swift */ = {isa = PBXFileReference; fileEncoding = 4; lastKnownFileType = sourcecode.swift; path = NewsCell.swift; sourceTree = "<group>"; };
		48CDE7131E7FCE8E00092D93 /* ExaminationDetail.swift */ = {isa = PBXFileReference; fileEncoding = 4; lastKnownFileType = sourcecode.swift; path = ExaminationDetail.swift; sourceTree = "<group>"; };
		48CDE7151E7FD10A00092D93 /* PointOfInterestDetail.swift */ = {isa = PBXFileReference; fileEncoding = 4; lastKnownFileType = sourcecode.swift; path = PointOfInterestDetail.swift; sourceTree = "<group>"; };
		48D371F81E8120F2008E3A40 /* MedicalExaminationCheckinOKCell.swift */ = {isa = PBXFileReference; fileEncoding = 4; lastKnownFileType = sourcecode.swift; path = MedicalExaminationCheckinOKCell.swift; sourceTree = "<group>"; };
		48D371FA1E81267E008E3A40 /* InformationCell.swift */ = {isa = PBXFileReference; fileEncoding = 4; lastKnownFileType = sourcecode.swift; path = InformationCell.swift; sourceTree = "<group>"; };
		48D371FC1E812726008E3A40 /* Information.swift */ = {isa = PBXFileReference; fileEncoding = 4; lastKnownFileType = sourcecode.swift; path = Information.swift; sourceTree = "<group>"; };
		48E536EE1E826CC600E03F77 /* POIViewController.swift */ = {isa = PBXFileReference; fileEncoding = 4; lastKnownFileType = sourcecode.swift; path = POIViewController.swift; sourceTree = "<group>"; };
		48E536F01E826D6F00E03F77 /* POIData.swift */ = {isa = PBXFileReference; fileEncoding = 4; lastKnownFileType = sourcecode.swift; path = POIData.swift; sourceTree = "<group>"; };
		48E536F21E826DB500E03F77 /* POIDetail.swift */ = {isa = PBXFileReference; fileEncoding = 4; lastKnownFileType = sourcecode.swift; path = POIDetail.swift; sourceTree = "<group>"; };
		48E536F41E82879600E03F77 /* POIDetailViewController.swift */ = {isa = PBXFileReference; fileEncoding = 4; lastKnownFileType = sourcecode.swift; path = POIDetailViewController.swift; sourceTree = "<group>"; };
		48E536F81E82F98B00E03F77 /* TwoButtonsCell.swift */ = {isa = PBXFileReference; fileEncoding = 4; lastKnownFileType = sourcecode.swift; path = TwoButtonsCell.swift; sourceTree = "<group>"; };
		48E536FA1E82F9EC00E03F77 /* DescriptionCell.swift */ = {isa = PBXFileReference; fileEncoding = 4; lastKnownFileType = sourcecode.swift; path = DescriptionCell.swift; sourceTree = "<group>"; };
		48E7CCBE1E923B2C00103509 /* Colors.swift */ = {isa = PBXFileReference; fileEncoding = 4; lastKnownFileType = sourcecode.swift; path = Colors.swift; sourceTree = "<group>"; };
		48E7CCCA1E9244D200103509 /* Base */ = {isa = PBXFileReference; lastKnownFileType = file.storyboard; name = Base; path = Base.lproj/Main.storyboard; sourceTree = "<group>"; };
		48E7CCCB1E9244D200103509 /* Base */ = {isa = PBXFileReference; lastKnownFileType = file.storyboard; name = Base; path = Base.lproj/LaunchScreen.storyboard; sourceTree = "<group>"; };
		48EF81EB1EA79BAC0072F025 /* KalmanPosition.swift */ = {isa = PBXFileReference; fileEncoding = 4; lastKnownFileType = sourcecode.swift; path = KalmanPosition.swift; sourceTree = "<group>"; };
		48F2A1371E7A92F7002A8DC0 /* SettingsViewController.swift */ = {isa = PBXFileReference; fileEncoding = 4; lastKnownFileType = sourcecode.swift; path = SettingsViewController.swift; sourceTree = "<group>"; };
		48F2A1391E7A9A31002A8DC0 /* json */ = {isa = PBXFileReference; lastKnownFileType = folder; path = json; sourceTree = "<group>"; };
		48F2A13B1E7A9C5B002A8DC0 /* SwiftyJSON.swift */ = {isa = PBXFileReference; fileEncoding = 4; lastKnownFileType = sourcecode.swift; path = SwiftyJSON.swift; sourceTree = "<group>"; };
		48F949951EA207DE00C025EC /* CafeteriaData.swift */ = {isa = PBXFileReference; fileEncoding = 4; lastKnownFileType = sourcecode.swift; path = CafeteriaData.swift; sourceTree = "<group>"; };
		48F949971EA20B0900C025EC /* CafeteriaMenu.swift */ = {isa = PBXFileReference; fileEncoding = 4; lastKnownFileType = sourcecode.swift; path = CafeteriaMenu.swift; sourceTree = "<group>"; };
		600257575BBCADD49AAC2725 /* Pods-Hospital.release.xcconfig */ = {isa = PBXFileReference; includeInIndex = 1; lastKnownFileType = text.xcconfig; name = "Pods-Hospital.release.xcconfig"; path = "Pods/Target Support Files/Pods-Hospital/Pods-Hospital.release.xcconfig"; sourceTree = "<group>"; };
		92D263509C2CC95FCD8A0029 /* Pods_Hospital.framework */ = {isa = PBXFileReference; explicitFileType = wrapper.framework; includeInIndex = 0; path = Pods_Hospital.framework; sourceTree = BUILT_PRODUCTS_DIR; };
		9C389ED54943170CB23144F8 /* Pods-Hospital.debug.xcconfig */ = {isa = PBXFileReference; includeInIndex = 1; lastKnownFileType = text.xcconfig; name = "Pods-Hospital.debug.xcconfig"; path = "Pods/Target Support Files/Pods-Hospital/Pods-Hospital.debug.xcconfig"; sourceTree = "<group>"; };
/* End PBXFileReference section */

/* Begin PBXFrameworksBuildPhase section */
		480510961E793D2B003B4014 /* Frameworks */ = {
			isa = PBXFrameworksBuildPhase;
			buildActionMask = 2147483647;
			files = (
				E82A5A088EC896085745A61B /* Pods_Hospital.framework in Frameworks */,
			);
			runOnlyForDeploymentPostprocessing = 0;
		};
/* End PBXFrameworksBuildPhase section */

/* Begin PBXGroup section */
		21C20D12582E3D6B38DEC8D8 /* Pods */ = {
			isa = PBXGroup;
			children = (
				9C389ED54943170CB23144F8 /* Pods-Hospital.debug.xcconfig */,
				600257575BBCADD49AAC2725 /* Pods-Hospital.release.xcconfig */,
			);
			name = Pods;
			sourceTree = "<group>";
		};
		480510901E793D2B003B4014 = {
			isa = PBXGroup;
			children = (
				4805109B1E793D2B003B4014 /* Hospital */,
				4805109A1E793D2B003B4014 /* Products */,
				21C20D12582E3D6B38DEC8D8 /* Pods */,
				6C5E3C955F1B90E614569173 /* Frameworks */,
			);
			sourceTree = "<group>";
		};
		4805109A1E793D2B003B4014 /* Products */ = {
			isa = PBXGroup;
			children = (
				480510991E793D2B003B4014 /* Hospital.app */,
			);
			name = Products;
			sourceTree = "<group>";
		};
		4805109B1E793D2B003B4014 /* Hospital */ = {
			isa = PBXGroup;
			children = (
				4805109C1E793D2B003B4014 /* AppDelegate.swift */,
				4805109E1E793D2B003B4014 /* LoginViewController.swift */,
				48F2A1371E7A92F7002A8DC0 /* SettingsViewController.swift */,
				48F949941EA207C600C025EC /* Cafeteria */,
				4828024F1E929CEC002C3665 /* Home */,
				4828024B1E929C7B002C3665 /* Medical Examinations */,
				4828024C1E929CAF002C3665 /* POI */,
				4828024D1E929CCD002C3665 /* Prescriptions */,
				4828024E1E929CD9002C3665 /* News */,
				48C6EE671E84154B004F403B /* MapViewController.swift */,
				48E536F81E82F98B00E03F77 /* TwoButtonsCell.swift */,
				48D371FA1E81267E008E3A40 /* InformationCell.swift */,
				48E536FA1E82F9EC00E03F77 /* DescriptionCell.swift */,
				48D371FC1E812726008E3A40 /* Information.swift */,
				4852ABB01E7E7449005734A3 /* TableViewSection.swift */,
				48E7CCBE1E923B2C00103509 /* Colors.swift */,
				486C6EF81E7C54580036B363 /* UserDefaultsKeys.swift */,
				48F2A13B1E7A9C5B002A8DC0 /* SwiftyJSON.swift */,
				48EF81EA1EA79B960072F025 /* Kalman */,
				480510A01E793D2B003B4014 /* Main.storyboard */,
				480510A31E793D2B003B4014 /* Assets.xcassets */,
				480510A51E793D2B003B4014 /* LaunchScreen.storyboard */,
				480510A81E793D2B003B4014 /* Info.plist */,
				48F2A1391E7A9A31002A8DC0 /* json */,
			);
			path = Hospital;
			sourceTree = "<group>";
		};
		4828024B1E929C7B002C3665 /* Medical Examinations */ = {
			isa = PBXGroup;
			children = (
				48D371F81E8120F2008E3A40 /* MedicalExaminationCheckinOKCell.swift */,
				482802541E92C24F002C3665 /* MedicalExaminationCheckinKOCell.swift */,
				482802561E92C36C002C3665 /* MedicalExaminationInformationCell.swift */,
				482802581E92C3F9002C3665 /* MedicalExaminationDescriptionCell.swift */,
				4828025A1E92C44D002C3665 /* MedicalExaminationButtonCell.swift */,
				48CDE7131E7FCE8E00092D93 /* ExaminationDetail.swift */,
				4852ABB21E7E7642005734A3 /* MedicalExaminationSectionData.swift */,
				4852ABAE1E7E6F26005734A3 /* MedicalExaminationViewController.swift */,
				481FBBBA1E803FE100184EF7 /* ExaminationDetailViewController.swift */,
			);
			name = "Medical Examinations";
			sourceTree = "<group>";
		};
		4828024C1E929CAF002C3665 /* POI */ = {
			isa = PBXGroup;
			children = (
				48CDE7151E7FD10A00092D93 /* PointOfInterestDetail.swift */,
				48E536F01E826D6F00E03F77 /* POIData.swift */,
				48E536F21E826DB500E03F77 /* POIDetail.swift */,
				48E536EE1E826CC600E03F77 /* POIViewController.swift */,
				48E536F41E82879600E03F77 /* POIDetailViewController.swift */,
			);
			name = POI;
			sourceTree = "<group>";
		};
		4828024D1E929CCD002C3665 /* Prescriptions */ = {
			isa = PBXGroup;
			children = (
				48C6EE5D1E83D044004F403B /* PrescriptionViewController.swift */,
				48C6EE631E83E902004F403B /* PrescriptionSectionData.swift */,
				48C6EE611E83E5CA004F403B /* Prescription.swift */,
			);
			name = Prescriptions;
			sourceTree = "<group>";
		};
		4828024E1E929CD9002C3665 /* News */ = {
			isa = PBXGroup;
			children = (
				48C6EE651E84139A004F403B /* NewsViewController.swift */,
				48C6EE691E8415E8004F403B /* News.swift */,
				48C6EE6B1E8415FD004F403B /* NewsData.swift */,
				48C6EE6D1E84162B004F403B /* NewsCell.swift */,
			);
			name = News;
			sourceTree = "<group>";
		};
		4828024F1E929CEC002C3665 /* Home */ = {
			isa = PBXGroup;
			children = (
				480510AE1E7952EB003B4014 /* HomeViewController.swift */,
				480510B21E79DABB003B4014 /* HomeButton.swift */,
				480510B01E79B086003B4014 /* HomeButtonCell.swift */,
				486D55C41E94F08B00FD824C /* HomeInfoCell.swift */,
			);
			name = Home;
			sourceTree = "<group>";
		};
		48EF81EA1EA79B960072F025 /* Kalman */ = {
			isa = PBXGroup;
			children = (
				48AF84B51EA785BA00B0A390 /* KalmanFilter.swift */,
				48EF81EB1EA79BAC0072F025 /* KalmanPosition.swift */,
			);
			name = Kalman;
			sourceTree = "<group>";
		};
		48F949941EA207C600C025EC /* Cafeteria */ = {
			isa = PBXGroup;
			children = (
				48933CB41E7BD2D00006C3D8 /* CafeteriaViewController.swift */,
				486B7BC11EA222F500208BBD /* CafeteriaCell.swift */,
				48F949951EA207DE00C025EC /* CafeteriaData.swift */,
				48F949971EA20B0900C025EC /* CafeteriaMenu.swift */,
			);
			name = Cafeteria;
			sourceTree = "<group>";
		};
		6C5E3C955F1B90E614569173 /* Frameworks */ = {
			isa = PBXGroup;
			children = (
				92D263509C2CC95FCD8A0029 /* Pods_Hospital.framework */,
			);
			name = Frameworks;
			sourceTree = "<group>";
		};
/* End PBXGroup section */

/* Begin PBXNativeTarget section */
		480510981E793D2B003B4014 /* Hospital */ = {
			isa = PBXNativeTarget;
			buildConfigurationList = 480510AB1E793D2B003B4014 /* Build configuration list for PBXNativeTarget "Hospital" */;
			buildPhases = (
				8258A43A39BB886A09C6E124 /* [CP] Check Pods Manifest.lock */,
				480510951E793D2B003B4014 /* Sources */,
				480510961E793D2B003B4014 /* Frameworks */,
				480510971E793D2B003B4014 /* Resources */,
				9C9D560C8988F72F446FA5A9 /* [CP] Embed Pods Frameworks */,
				2D692D2C0E9E757370D72B67 /* [CP] Copy Pods Resources */,
			);
			buildRules = (
			);
			dependencies = (
			);
			name = Hospital;
			productName = Hospital;
			productReference = 480510991E793D2B003B4014 /* Hospital.app */;
			productType = "com.apple.product-type.application";
		};
/* End PBXNativeTarget section */

/* Begin PBXProject section */
		480510911E793D2B003B4014 /* Project object */ = {
			isa = PBXProject;
			attributes = {
				LastSwiftUpdateCheck = 0820;
				LastUpgradeCheck = 0820;
				ORGANIZATIONNAME = MontaltoRota;
				TargetAttributes = {
					480510981E793D2B003B4014 = {
						CreatedOnToolsVersion = 8.2.1;
						DevelopmentTeam = EDG8TGNYUA;
						ProvisioningStyle = Automatic;
					};
				};
			};
			buildConfigurationList = 480510941E793D2B003B4014 /* Build configuration list for PBXProject "Hospital" */;
			compatibilityVersion = "Xcode 3.2";
			developmentRegion = English;
			hasScannedForEncodings = 0;
			knownRegions = (
				en,
				Base,
			);
			mainGroup = 480510901E793D2B003B4014;
			productRefGroup = 4805109A1E793D2B003B4014 /* Products */;
			projectDirPath = "";
			projectRoot = "";
			targets = (
				480510981E793D2B003B4014 /* Hospital */,
			);
		};
/* End PBXProject section */

/* Begin PBXResourcesBuildPhase section */
		480510971E793D2B003B4014 /* Resources */ = {
			isa = PBXResourcesBuildPhase;
			buildActionMask = 2147483647;
			files = (
				480510A71E793D2B003B4014 /* LaunchScreen.storyboard in Resources */,
				480510A41E793D2B003B4014 /* Assets.xcassets in Resources */,
				48F2A13A1E7A9A31002A8DC0 /* json in Resources */,
				480510A21E793D2B003B4014 /* Main.storyboard in Resources */,
			);
			runOnlyForDeploymentPostprocessing = 0;
		};
/* End PBXResourcesBuildPhase section */

/* Begin PBXShellScriptBuildPhase section */
		2D692D2C0E9E757370D72B67 /* [CP] Copy Pods Resources */ = {
			isa = PBXShellScriptBuildPhase;
			buildActionMask = 2147483647;
			files = (
			);
			inputPaths = (
			);
			name = "[CP] Copy Pods Resources";
			outputPaths = (
			);
			runOnlyForDeploymentPostprocessing = 0;
			shellPath = /bin/sh;
			shellScript = "\"${SRCROOT}/Pods/Target Support Files/Pods-Hospital/Pods-Hospital-resources.sh\"\n";
			showEnvVarsInLog = 0;
		};
		8258A43A39BB886A09C6E124 /* [CP] Check Pods Manifest.lock */ = {
			isa = PBXShellScriptBuildPhase;
			buildActionMask = 2147483647;
			files = (
			);
			inputPaths = (
			);
			name = "[CP] Check Pods Manifest.lock";
			outputPaths = (
			);
			runOnlyForDeploymentPostprocessing = 0;
			shellPath = /bin/sh;
			shellScript = "diff \"${PODS_PODFILE_DIR_PATH}/Podfile.lock\" \"${PODS_ROOT}/Manifest.lock\" > /dev/null\nif [ $? != 0 ] ; then\n    # print error to STDERR\n    echo \"error: The sandbox is not in sync with the Podfile.lock. Run 'pod install' or update your CocoaPods installation.\" >&2\n    exit 1\nfi\n";
			showEnvVarsInLog = 0;
		};
		9C9D560C8988F72F446FA5A9 /* [CP] Embed Pods Frameworks */ = {
			isa = PBXShellScriptBuildPhase;
			buildActionMask = 2147483647;
			files = (
			);
			inputPaths = (
			);
			name = "[CP] Embed Pods Frameworks";
			outputPaths = (
			);
			runOnlyForDeploymentPostprocessing = 0;
			shellPath = /bin/sh;
			shellScript = "\"${SRCROOT}/Pods/Target Support Files/Pods-Hospital/Pods-Hospital-frameworks.sh\"\n";
			showEnvVarsInLog = 0;
		};
/* End PBXShellScriptBuildPhase section */

/* Begin PBXSourcesBuildPhase section */
		480510951E793D2B003B4014 /* Sources */ = {
			isa = PBXSourcesBuildPhase;
			buildActionMask = 2147483647;
			files = (
				48D371FD1E812726008E3A40 /* Information.swift in Sources */,
				4805109F1E793D2B003B4014 /* LoginViewController.swift in Sources */,
				48E536F91E82F98B00E03F77 /* TwoButtonsCell.swift in Sources */,
				48F949961EA207DE00C025EC /* CafeteriaData.swift in Sources */,
				4852ABB31E7E7642005734A3 /* MedicalExaminationSectionData.swift in Sources */,
				48F949981EA20B0900C025EC /* CafeteriaMenu.swift in Sources */,
				48CDE7161E7FD10A00092D93 /* PointOfInterestDetail.swift in Sources */,
				480510B31E79DABB003B4014 /* HomeButton.swift in Sources */,
				48C6EE6E1E84162B004F403B /* NewsCell.swift in Sources */,
				4828025B1E92C44D002C3665 /* MedicalExaminationButtonCell.swift in Sources */,
				48F2A1381E7A92F7002A8DC0 /* SettingsViewController.swift in Sources */,
				48E536F31E826DB500E03F77 /* POIDetail.swift in Sources */,
				486D55C51E94F08B00FD824C /* HomeInfoCell.swift in Sources */,
				48D371F91E8120F2008E3A40 /* MedicalExaminationCheckinOKCell.swift in Sources */,
				48C6EE641E83E902004F403B /* PrescriptionSectionData.swift in Sources */,
				4805109D1E793D2B003B4014 /* AppDelegate.swift in Sources */,
				486B7BC21EA222F500208BBD /* CafeteriaCell.swift in Sources */,
				48C6EE661E84139A004F403B /* NewsViewController.swift in Sources */,
				480510AF1E7952EB003B4014 /* HomeViewController.swift in Sources */,
				481FBBBB1E803FE100184EF7 /* ExaminationDetailViewController.swift in Sources */,
				486C6EF91E7C54580036B363 /* UserDefaultsKeys.swift in Sources */,
				482802571E92C36C002C3665 /* MedicalExaminationInformationCell.swift in Sources */,
				4852ABB11E7E7449005734A3 /* TableViewSection.swift in Sources */,
				48D371FB1E81267E008E3A40 /* InformationCell.swift in Sources */,
				4852ABAF1E7E6F26005734A3 /* MedicalExaminationViewController.swift in Sources */,
				48C6EE6A1E8415E8004F403B /* News.swift in Sources */,
				48C6EE621E83E5CA004F403B /* Prescription.swift in Sources */,
				48E536F11E826D6F00E03F77 /* POIData.swift in Sources */,
				48F2A13C1E7A9C5B002A8DC0 /* SwiftyJSON.swift in Sources */,
				48CDE7141E7FCE8E00092D93 /* ExaminationDetail.swift in Sources */,
				48E536F51E82879600E03F77 /* POIDetailViewController.swift in Sources */,
				48E536FB1E82F9EC00E03F77 /* DescriptionCell.swift in Sources */,
				48933CB51E7BD2D00006C3D8 /* CafeteriaViewController.swift in Sources */,
				48AF84B61EA785BA00B0A390 /* KalmanFilter.swift in Sources */,
				48E536EF1E826CC600E03F77 /* POIViewController.swift in Sources */,
				48EF81EC1EA79BAC0072F025 /* KalmanPosition.swift in Sources */,
				480510B11E79B086003B4014 /* HomeButtonCell.swift in Sources */,
				482802591E92C3F9002C3665 /* MedicalExaminationDescriptionCell.swift in Sources */,
				48C6EE681E84154B004F403B /* MapViewController.swift in Sources */,
				48C6EE5E1E83D044004F403B /* PrescriptionViewController.swift in Sources */,
				48E7CCBF1E923B2C00103509 /* Colors.swift in Sources */,
				482802551E92C24F002C3665 /* MedicalExaminationCheckinKOCell.swift in Sources */,
				48C6EE6C1E8415FD004F403B /* NewsData.swift in Sources */,
			);
			runOnlyForDeploymentPostprocessing = 0;
		};
/* End PBXSourcesBuildPhase section */

/* Begin PBXVariantGroup section */
		480510A01E793D2B003B4014 /* Main.storyboard */ = {
			isa = PBXVariantGroup;
			children = (
				48E7CCCA1E9244D200103509 /* Base */,
			);
			name = Main.storyboard;
			sourceTree = "<group>";
		};
		480510A51E793D2B003B4014 /* LaunchScreen.storyboard */ = {
			isa = PBXVariantGroup;
			children = (
				48E7CCCB1E9244D200103509 /* Base */,
			);
			name = LaunchScreen.storyboard;
			sourceTree = "<group>";
		};
/* End PBXVariantGroup section */

/* Begin XCBuildConfiguration section */
		480510A91E793D2B003B4014 /* Debug */ = {
			isa = XCBuildConfiguration;
			buildSettings = {
				ALWAYS_SEARCH_USER_PATHS = NO;
				CLANG_ANALYZER_LOCALIZABILITY_NONLOCALIZED = YES;
				CLANG_ANALYZER_NONNULL = YES;
				CLANG_CXX_LANGUAGE_STANDARD = "gnu++0x";
				CLANG_CXX_LIBRARY = "libc++";
				CLANG_ENABLE_MODULES = YES;
				CLANG_ENABLE_OBJC_ARC = YES;
				CLANG_WARN_BOOL_CONVERSION = YES;
				CLANG_WARN_CONSTANT_CONVERSION = YES;
				CLANG_WARN_DIRECT_OBJC_ISA_USAGE = YES_ERROR;
				CLANG_WARN_DOCUMENTATION_COMMENTS = YES;
				CLANG_WARN_EMPTY_BODY = YES;
				CLANG_WARN_ENUM_CONVERSION = YES;
				CLANG_WARN_INFINITE_RECURSION = YES;
				CLANG_WARN_INT_CONVERSION = YES;
				CLANG_WARN_OBJC_ROOT_CLASS = YES_ERROR;
				CLANG_WARN_SUSPICIOUS_MOVE = YES;
				CLANG_WARN_UNREACHABLE_CODE = YES;
				CLANG_WARN__DUPLICATE_METHOD_MATCH = YES;
				"CODE_SIGN_IDENTITY[sdk=iphoneos*]" = "iPhone Developer";
				COPY_PHASE_STRIP = NO;
				DEBUG_INFORMATION_FORMAT = dwarf;
				ENABLE_STRICT_OBJC_MSGSEND = YES;
				ENABLE_TESTABILITY = YES;
				GCC_C_LANGUAGE_STANDARD = gnu99;
				GCC_DYNAMIC_NO_PIC = NO;
				GCC_NO_COMMON_BLOCKS = YES;
				GCC_OPTIMIZATION_LEVEL = 0;
				GCC_PREPROCESSOR_DEFINITIONS = (
					"DEBUG=1",
					"$(inherited)",
				);
				GCC_WARN_64_TO_32_BIT_CONVERSION = YES;
				GCC_WARN_ABOUT_RETURN_TYPE = YES_ERROR;
				GCC_WARN_UNDECLARED_SELECTOR = YES;
				GCC_WARN_UNINITIALIZED_AUTOS = YES_AGGRESSIVE;
				GCC_WARN_UNUSED_FUNCTION = YES;
				GCC_WARN_UNUSED_VARIABLE = YES;
				IPHONEOS_DEPLOYMENT_TARGET = 10.0;
				MTL_ENABLE_DEBUG_INFO = YES;
				ONLY_ACTIVE_ARCH = YES;
				SDKROOT = iphoneos;
				SWIFT_ACTIVE_COMPILATION_CONDITIONS = DEBUG;
				SWIFT_OPTIMIZATION_LEVEL = "-Onone";
				TARGETED_DEVICE_FAMILY = "1,2";
			};
			name = Debug;
		};
		480510AA1E793D2B003B4014 /* Release */ = {
			isa = XCBuildConfiguration;
			buildSettings = {
				ALWAYS_SEARCH_USER_PATHS = NO;
				CLANG_ANALYZER_LOCALIZABILITY_NONLOCALIZED = YES;
				CLANG_ANALYZER_NONNULL = YES;
				CLANG_CXX_LANGUAGE_STANDARD = "gnu++0x";
				CLANG_CXX_LIBRARY = "libc++";
				CLANG_ENABLE_MODULES = YES;
				CLANG_ENABLE_OBJC_ARC = YES;
				CLANG_WARN_BOOL_CONVERSION = YES;
				CLANG_WARN_CONSTANT_CONVERSION = YES;
				CLANG_WARN_DIRECT_OBJC_ISA_USAGE = YES_ERROR;
				CLANG_WARN_DOCUMENTATION_COMMENTS = YES;
				CLANG_WARN_EMPTY_BODY = YES;
				CLANG_WARN_ENUM_CONVERSION = YES;
				CLANG_WARN_INFINITE_RECURSION = YES;
				CLANG_WARN_INT_CONVERSION = YES;
				CLANG_WARN_OBJC_ROOT_CLASS = YES_ERROR;
				CLANG_WARN_SUSPICIOUS_MOVE = YES;
				CLANG_WARN_UNREACHABLE_CODE = YES;
				CLANG_WARN__DUPLICATE_METHOD_MATCH = YES;
				"CODE_SIGN_IDENTITY[sdk=iphoneos*]" = "iPhone Developer";
				COPY_PHASE_STRIP = NO;
				DEBUG_INFORMATION_FORMAT = "dwarf-with-dsym";
				ENABLE_NS_ASSERTIONS = NO;
				ENABLE_STRICT_OBJC_MSGSEND = YES;
				GCC_C_LANGUAGE_STANDARD = gnu99;
				GCC_NO_COMMON_BLOCKS = YES;
				GCC_WARN_64_TO_32_BIT_CONVERSION = YES;
				GCC_WARN_ABOUT_RETURN_TYPE = YES_ERROR;
				GCC_WARN_UNDECLARED_SELECTOR = YES;
				GCC_WARN_UNINITIALIZED_AUTOS = YES_AGGRESSIVE;
				GCC_WARN_UNUSED_FUNCTION = YES;
				GCC_WARN_UNUSED_VARIABLE = YES;
				IPHONEOS_DEPLOYMENT_TARGET = 10.0;
				MTL_ENABLE_DEBUG_INFO = NO;
				SDKROOT = iphoneos;
				SWIFT_OPTIMIZATION_LEVEL = "-Owholemodule";
				TARGETED_DEVICE_FAMILY = "1,2";
				VALIDATE_PRODUCT = YES;
			};
			name = Release;
		};
		480510AC1E793D2B003B4014 /* Debug */ = {
			isa = XCBuildConfiguration;
			baseConfigurationReference = 9C389ED54943170CB23144F8 /* Pods-Hospital.debug.xcconfig */;
			buildSettings = {
				ASSETCATALOG_COMPILER_APPICON_NAME = AppIcon;
				DEVELOPMENT_TEAM = EDG8TGNYUA;
				INFOPLIST_FILE = Hospital/Info.plist;
				LD_RUNPATH_SEARCH_PATHS = "$(inherited) @executable_path/Frameworks";
				PRODUCT_BUNDLE_IDENTIFIER = it.polimi.tesi.hospital;
				PRODUCT_NAME = "$(TARGET_NAME)";
				SWIFT_VERSION = 3.0;
			};
			name = Debug;
		};
		480510AD1E793D2B003B4014 /* Release */ = {
			isa = XCBuildConfiguration;
			baseConfigurationReference = 600257575BBCADD49AAC2725 /* Pods-Hospital.release.xcconfig */;
			buildSettings = {
				ASSETCATALOG_COMPILER_APPICON_NAME = AppIcon;
				DEVELOPMENT_TEAM = EDG8TGNYUA;
				INFOPLIST_FILE = Hospital/Info.plist;
				LD_RUNPATH_SEARCH_PATHS = "$(inherited) @executable_path/Frameworks";
				PRODUCT_BUNDLE_IDENTIFIER = it.polimi.tesi.hospital;
				PRODUCT_NAME = "$(TARGET_NAME)";
				SWIFT_VERSION = 3.0;
			};
			name = Release;
		};
/* End XCBuildConfiguration section */

/* Begin XCConfigurationList section */
		480510941E793D2B003B4014 /* Build configuration list for PBXProject "Hospital" */ = {
			isa = XCConfigurationList;
			buildConfigurations = (
				480510A91E793D2B003B4014 /* Debug */,
				480510AA1E793D2B003B4014 /* Release */,
			);
			defaultConfigurationIsVisible = 0;
			defaultConfigurationName = Release;
		};
		480510AB1E793D2B003B4014 /* Build configuration list for PBXNativeTarget "Hospital" */ = {
			isa = XCConfigurationList;
			buildConfigurations = (
				480510AC1E793D2B003B4014 /* Debug */,
				480510AD1E793D2B003B4014 /* Release */,
			);
			defaultConfigurationIsVisible = 0;
			defaultConfigurationName = Release;
		};
/* End XCConfigurationList section */
	};
	rootObject = 480510911E793D2B003B4014 /* Project object */;
}
